
Microsoft Visual Studio Solution File, Format Version 12.00
# Visual Studio 14
VisualStudioVersion = 14.0.23107.0
MinimumVisualStudioVersion = 10.0.40219.1
Project("{FAE04EC0-301F-11D3-BF4B-00C04F79EFBC}") = "OpenWeatherMap", "OpenWeatherMap\OpenWeatherMap.csproj", "{054A306E-5501-4DE8-9826-FB69C48DE69C}"
EndProject
Project("{FAE04EC0-301F-11D3-BF4B-00C04F79EFBC}") = "TurtleDrawings", "TurtleDrawings\TurtleDrawings.csproj", "{A0074424-6418-45CB-834D-F3F7D47F3DB8}"
EndProject
Project("{FAE04EC0-301F-11D3-BF4B-00C04F79EFBC}") = "WeatherStationPi2", "WeatherStationPi2\WeatherStationPi2.csproj", "{D281DB4F-B582-425E-94CF-DD921CBCDB91}"
EndProject
Global
	GlobalSection(SolutionConfigurationPlatforms) = preSolution
		Debug|Any CPU = Debug|Any CPU
		Debug|ARM = Debug|ARM
		Debug|x64 = Debug|x64
		Debug|x86 = Debug|x86
		Release|Any CPU = Release|Any CPU
		Release|ARM = Release|ARM
		Release|x64 = Release|x64
		Release|x86 = Release|x86
	EndGlobalSection
	GlobalSection(ProjectConfigurationPlatforms) = postSolution
		{054A306E-5501-4DE8-9826-FB69C48DE69C}.Debug|Any CPU.ActiveCfg = Debug|x86
		{054A306E-5501-4DE8-9826-FB69C48DE69C}.Debug|ARM.ActiveCfg = Debug|ARM
		{054A306E-5501-4DE8-9826-FB69C48DE69C}.Debug|ARM.Build.0 = Debug|ARM
		{054A306E-5501-4DE8-9826-FB69C48DE69C}.Debug|ARM.Deploy.0 = Debug|ARM
		{054A306E-5501-4DE8-9826-FB69C48DE69C}.Debug|x64.ActiveCfg = Debug|x64
		{054A306E-5501-4DE8-9826-FB69C48DE69C}.Debug|x64.Build.0 = Debug|x64
		{054A306E-5501-4DE8-9826-FB69C48DE69C}.Debug|x64.Deploy.0 = Debug|x64
		{054A306E-5501-4DE8-9826-FB69C48DE69C}.Debug|x86.ActiveCfg = Debug|x86
		{054A306E-5501-4DE8-9826-FB69C48DE69C}.Debug|x86.Build.0 = Debug|x86
		{054A306E-5501-4DE8-9826-FB69C48DE69C}.Debug|x86.Deploy.0 = Debug|x86
		{054A306E-5501-4DE8-9826-FB69C48DE69C}.Release|Any CPU.ActiveCfg = Release|x86
		{054A306E-5501-4DE8-9826-FB69C48DE69C}.Release|ARM.ActiveCfg = Release|ARM
		{054A306E-5501-4DE8-9826-FB69C48DE69C}.Release|ARM.Build.0 = Release|ARM
		{054A306E-5501-4DE8-9826-FB69C48DE69C}.Release|ARM.Deploy.0 = Release|ARM
		{054A306E-5501-4DE8-9826-FB69C48DE69C}.Release|x64.ActiveCfg = Release|x64
		{054A306E-5501-4DE8-9826-FB69C48DE69C}.Release|x64.Build.0 = Release|x64
		{054A306E-5501-4DE8-9826-FB69C48DE69C}.Release|x64.Deploy.0 = Release|x64
		{054A306E-5501-4DE8-9826-FB69C48DE69C}.Release|x86.ActiveCfg = Release|x86
		{054A306E-5501-4DE8-9826-FB69C48DE69C}.Release|x86.Build.0 = Release|x86
		{054A306E-5501-4DE8-9826-FB69C48DE69C}.Release|x86.Deploy.0 = Release|x86
		{A0074424-6418-45CB-834D-F3F7D47F3DB8}.Debug|Any CPU.ActiveCfg = Debug|Any CPU
		{A0074424-6418-45CB-834D-F3F7D47F3DB8}.Debug|Any CPU.Build.0 = Debug|Any CPU
		{A0074424-6418-45CB-834D-F3F7D47F3DB8}.Debug|ARM.ActiveCfg = Debug|Any CPU
		{A0074424-6418-45CB-834D-F3F7D47F3DB8}.Debug|ARM.Build.0 = Debug|Any CPU
		{A0074424-6418-45CB-834D-F3F7D47F3DB8}.Debug|x64.ActiveCfg = Debug|Any CPU
		{A0074424-6418-45CB-834D-F3F7D47F3DB8}.Debug|x64.Build.0 = Debug|Any CPU
		{A0074424-6418-45CB-834D-F3F7D47F3DB8}.Debug|x86.ActiveCfg = Debug|Any CPU
		{A0074424-6418-45CB-834D-F3F7D47F3DB8}.Debug|x86.Build.0 = Debug|Any CPU
		{A0074424-6418-45CB-834D-F3F7D47F3DB8}.Release|Any CPU.ActiveCfg = Release|Any CPU
		{A0074424-6418-45CB-834D-F3F7D47F3DB8}.Release|Any CPU.Build.0 = Release|Any CPU
		{A0074424-6418-45CB-834D-F3F7D47F3DB8}.Release|ARM.ActiveCfg = Release|Any CPU
		{A0074424-6418-45CB-834D-F3F7D47F3DB8}.Release|ARM.Build.0 = Release|Any CPU
		{A0074424-6418-45CB-834D-F3F7D47F3DB8}.Release|x64.ActiveCfg = Release|Any CPU
		{A0074424-6418-45CB-834D-F3F7D47F3DB8}.Release|x64.Build.0 = Release|Any CPU
		{A0074424-6418-45CB-834D-F3F7D47F3DB8}.Release|x86.ActiveCfg = Release|Any CPU
		{A0074424-6418-45CB-834D-F3F7D47F3DB8}.Release|x86.Build.0 = Release|Any CPU
		{D281DB4F-B582-425E-94CF-DD921CBCDB91}.Debug|Any CPU.ActiveCfg = Debug|x86
		{D281DB4F-B582-425E-94CF-DD921CBCDB91}.Debug|ARM.ActiveCfg = Debug|ARM
		{D281DB4F-B582-425E-94CF-DD921CBCDB91}.Debug|ARM.Build.0 = Debug|ARM
		{D281DB4F-B582-425E-94CF-DD921CBCDB91}.Debug|ARM.Deploy.0 = Debug|ARM
		{D281DB4F-B582-425E-94CF-DD921CBCDB91}.Debug|x64.ActiveCfg = Debug|x64
		{D281DB4F-B582-425E-94CF-DD921CBCDB91}.Debug|x64.Build.0 = Debug|x64
		{D281DB4F-B582-425E-94CF-DD921CBCDB91}.Debug|x64.Deploy.0 = Debug|x64
		{D281DB4F-B582-425E-94CF-DD921CBCDB91}.Debug|x86.ActiveCfg = Debug|x86
		{D281DB4F-B582-425E-94CF-DD921CBCDB91}.Debug|x86.Build.0 = Debug|x86
		{D281DB4F-B582-425E-94CF-DD921CBCDB91}.Debug|x86.Deploy.0 = Debug|x86
		{D281DB4F-B582-425E-94CF-DD921CBCDB91}.Release|Any CPU.ActiveCfg = Release|x86
		{D281DB4F-B582-425E-94CF-DD921CBCDB91}.Release|ARM.ActiveCfg = Release|ARM
		{D281DB4F-B582-425E-94CF-DD921CBCDB91}.Release|ARM.Build.0 = Release|ARM
		{D281DB4F-B582-425E-94CF-DD921CBCDB91}.Release|ARM.Deploy.0 = Release|ARM
		{D281DB4F-B582-425E-94CF-DD921CBCDB91}.Release|x64.ActiveCfg = Release|x64
		{D281DB4F-B582-425E-94CF-DD921CBCDB91}.Release|x64.Build.0 = Release|x64
		{D281DB4F-B582-425E-94CF-DD921CBCDB91}.Release|x64.Deploy.0 = Release|x64
		{D281DB4F-B582-425E-94CF-DD921CBCDB91}.Release|x86.ActiveCfg = Release|x86
		{D281DB4F-B582-425E-94CF-DD921CBCDB91}.Release|x86.Build.0 = Release|x86
		{D281DB4F-B582-425E-94CF-DD921CBCDB91}.Release|x86.Deploy.0 = Release|x86
	EndGlobalSection
	GlobalSection(SolutionProperties) = preSolution
		HideSolutionNode = FALSE
	EndGlobalSection
EndGlobal
