
Microsoft Visual Studio Solution File, Format Version 12.00
# Visual Studio 14
VisualStudioVersion = 14.0.23107.0
MinimumVisualStudioVersion = 10.0.40219.1
Project("{FAE04EC0-301F-11D3-BF4B-00C04F79EFBC}") = "OpenWeatherMap", "OpenWeatherMap\OpenWeatherMap.csproj", "{054A306E-5501-4DE8-9826-FB69C48DE69C}"
EndProject
Project("{FAE04EC0-301F-11D3-BF4B-00C04F79EFBC}") = "TurtleDrawings", "TurtleDrawings\TurtleDrawings.csproj", "{A0074424-6418-45CB-834D-F3F7D47F3DB8}"
EndProject
Project("{FAE04EC0-301F-11D3-BF4B-00C04F79EFBC}") = "WeatherStationPi2", "WeatherStationPi2\WeatherStationPi2.csproj", "{D281DB4F-B582-425E-94CF-DD921CBCDB91}"
EndProject
Project("{FAE04EC0-301F-11D3-BF4B-00C04F79EFBC}") = "WordTrainer", "WordTrainer\WordTrainer.csproj", "{BABECA48-17DA-43EF-A867-D63A4977B6A2}"
EndProject
Project("{FAE04EC0-301F-11D3-BF4B-00C04F79EFBC}") = "SortSample", "SortSample\SortSample.csproj", "{58D036E9-3C21-4C45-8A66-EF715A03113E}"
EndProject
Project("{FAE04EC0-301F-11D3-BF4B-00C04F79EFBC}") = "FlashCardGame", "FlashCardGame\FlashCardGame.csproj", "{23AA3F8E-8D36-424E-B8EC-414643EF01B2}"
EndProject
Project("{FAE04EC0-301F-11D3-BF4B-00C04F79EFBC}") = "SimpleWeb", "SimpleWeb\SimpleWeb.csproj", "{488B02EF-321C-4203-BED8-31ECA2047FAB}"
EndProject
Project("{2150E333-8FDC-42A3-9474-1A3956D46DE8}") = "PublishScripts", "PublishScripts", "{E072DF59-5533-416A-97A0-44D3EB7D21E1}"
EndProject
Project("{2150E333-8FDC-42A3-9474-1A3956D46DE8}") = "Scripts", "Scripts", "{AF137E7B-5436-4D76-B001-F965F2511FEE}"
	ProjectSection(SolutionItems) = preProject
		PublishScripts\Scripts\Deploy-AzureResourceGroup.ps1 = PublishScripts\Scripts\Deploy-AzureResourceGroup.ps1
	EndProjectSection
EndProject
Project("{2150E333-8FDC-42A3-9474-1A3956D46DE8}") = "Templates", "Templates", "{0A60DF3F-8FD1-428D-9DB3-EE3B1C0C6D75}"
	ProjectSection(SolutionItems) = preProject
		PublishScripts\Templates\SimpleWeb.json = PublishScripts\Templates\SimpleWeb.json
		PublishScripts\Templates\SimpleWeb.param.dev.json = PublishScripts\Templates\SimpleWeb.param.dev.json
	EndProjectSection
EndProject
Project("{FAE04EC0-301F-11D3-BF4B-00C04F79EFBC}") = "NetworkXO", "NetworkXO\NetworkXO.csproj", "{0F7CE11C-7929-493D-963E-A7BB3CDF41ED}"
EndProject
Global
	GlobalSection(SolutionConfigurationPlatforms) = preSolution
		Debug|Any CPU = Debug|Any CPU
		Debug|ARM = Debug|ARM
		Debug|x64 = Debug|x64
		Debug|x86 = Debug|x86
		Release|Any CPU = Release|Any CPU
		Release|ARM = Release|ARM
		Release|x64 = Release|x64
		Release|x86 = Release|x86
	EndGlobalSection
	GlobalSection(ProjectConfigurationPlatforms) = postSolution
		{054A306E-5501-4DE8-9826-FB69C48DE69C}.Debug|Any CPU.ActiveCfg = Debug|x86
		{054A306E-5501-4DE8-9826-FB69C48DE69C}.Debug|ARM.ActiveCfg = Debug|ARM
		{054A306E-5501-4DE8-9826-FB69C48DE69C}.Debug|ARM.Build.0 = Debug|ARM
		{054A306E-5501-4DE8-9826-FB69C48DE69C}.Debug|ARM.Deploy.0 = Debug|ARM
		{054A306E-5501-4DE8-9826-FB69C48DE69C}.Debug|x64.ActiveCfg = Debug|x64
		{054A306E-5501-4DE8-9826-FB69C48DE69C}.Debug|x64.Build.0 = Debug|x64
		{054A306E-5501-4DE8-9826-FB69C48DE69C}.Debug|x64.Deploy.0 = Debug|x64
		{054A306E-5501-4DE8-9826-FB69C48DE69C}.Debug|x86.ActiveCfg = Debug|x86
		{054A306E-5501-4DE8-9826-FB69C48DE69C}.Debug|x86.Build.0 = Debug|x86
		{054A306E-5501-4DE8-9826-FB69C48DE69C}.Debug|x86.Deploy.0 = Debug|x86
		{054A306E-5501-4DE8-9826-FB69C48DE69C}.Release|Any CPU.ActiveCfg = Release|x86
		{054A306E-5501-4DE8-9826-FB69C48DE69C}.Release|ARM.ActiveCfg = Release|ARM
		{054A306E-5501-4DE8-9826-FB69C48DE69C}.Release|ARM.Build.0 = Release|ARM
		{054A306E-5501-4DE8-9826-FB69C48DE69C}.Release|ARM.Deploy.0 = Release|ARM
		{054A306E-5501-4DE8-9826-FB69C48DE69C}.Release|x64.ActiveCfg = Release|x64
		{054A306E-5501-4DE8-9826-FB69C48DE69C}.Release|x64.Build.0 = Release|x64
		{054A306E-5501-4DE8-9826-FB69C48DE69C}.Release|x64.Deploy.0 = Release|x64
		{054A306E-5501-4DE8-9826-FB69C48DE69C}.Release|x86.ActiveCfg = Release|x86
		{054A306E-5501-4DE8-9826-FB69C48DE69C}.Release|x86.Build.0 = Release|x86
		{054A306E-5501-4DE8-9826-FB69C48DE69C}.Release|x86.Deploy.0 = Release|x86
		{A0074424-6418-45CB-834D-F3F7D47F3DB8}.Debug|Any CPU.ActiveCfg = Debug|Any CPU
		{A0074424-6418-45CB-834D-F3F7D47F3DB8}.Debug|Any CPU.Build.0 = Debug|Any CPU
		{A0074424-6418-45CB-834D-F3F7D47F3DB8}.Debug|ARM.ActiveCfg = Debug|Any CPU
		{A0074424-6418-45CB-834D-F3F7D47F3DB8}.Debug|ARM.Build.0 = Debug|Any CPU
		{A0074424-6418-45CB-834D-F3F7D47F3DB8}.Debug|x64.ActiveCfg = Debug|Any CPU
		{A0074424-6418-45CB-834D-F3F7D47F3DB8}.Debug|x64.Build.0 = Debug|Any CPU
		{A0074424-6418-45CB-834D-F3F7D47F3DB8}.Debug|x86.ActiveCfg = Debug|Any CPU
		{A0074424-6418-45CB-834D-F3F7D47F3DB8}.Debug|x86.Build.0 = Debug|Any CPU
		{A0074424-6418-45CB-834D-F3F7D47F3DB8}.Release|Any CPU.ActiveCfg = Release|Any CPU
		{A0074424-6418-45CB-834D-F3F7D47F3DB8}.Release|Any CPU.Build.0 = Release|Any CPU
		{A0074424-6418-45CB-834D-F3F7D47F3DB8}.Release|ARM.ActiveCfg = Release|Any CPU
		{A0074424-6418-45CB-834D-F3F7D47F3DB8}.Release|ARM.Build.0 = Release|Any CPU
		{A0074424-6418-45CB-834D-F3F7D47F3DB8}.Release|x64.ActiveCfg = Release|Any CPU
		{A0074424-6418-45CB-834D-F3F7D47F3DB8}.Release|x64.Build.0 = Release|Any CPU
		{A0074424-6418-45CB-834D-F3F7D47F3DB8}.Release|x86.ActiveCfg = Release|Any CPU
		{A0074424-6418-45CB-834D-F3F7D47F3DB8}.Release|x86.Build.0 = Release|Any CPU
		{D281DB4F-B582-425E-94CF-DD921CBCDB91}.Debug|Any CPU.ActiveCfg = Debug|x86
		{D281DB4F-B582-425E-94CF-DD921CBCDB91}.Debug|ARM.ActiveCfg = Debug|ARM
		{D281DB4F-B582-425E-94CF-DD921CBCDB91}.Debug|ARM.Build.0 = Debug|ARM
		{D281DB4F-B582-425E-94CF-DD921CBCDB91}.Debug|ARM.Deploy.0 = Debug|ARM
		{D281DB4F-B582-425E-94CF-DD921CBCDB91}.Debug|x64.ActiveCfg = Debug|x64
		{D281DB4F-B582-425E-94CF-DD921CBCDB91}.Debug|x64.Build.0 = Debug|x64
		{D281DB4F-B582-425E-94CF-DD921CBCDB91}.Debug|x64.Deploy.0 = Debug|x64
		{D281DB4F-B582-425E-94CF-DD921CBCDB91}.Debug|x86.ActiveCfg = Debug|x86
		{D281DB4F-B582-425E-94CF-DD921CBCDB91}.Debug|x86.Build.0 = Debug|x86
		{D281DB4F-B582-425E-94CF-DD921CBCDB91}.Debug|x86.Deploy.0 = Debug|x86
		{D281DB4F-B582-425E-94CF-DD921CBCDB91}.Release|Any CPU.ActiveCfg = Release|x86
		{D281DB4F-B582-425E-94CF-DD921CBCDB91}.Release|ARM.ActiveCfg = Release|ARM
		{D281DB4F-B582-425E-94CF-DD921CBCDB91}.Release|ARM.Build.0 = Release|ARM
		{D281DB4F-B582-425E-94CF-DD921CBCDB91}.Release|ARM.Deploy.0 = Release|ARM
		{D281DB4F-B582-425E-94CF-DD921CBCDB91}.Release|x64.ActiveCfg = Release|x64
		{D281DB4F-B582-425E-94CF-DD921CBCDB91}.Release|x64.Build.0 = Release|x64
		{D281DB4F-B582-425E-94CF-DD921CBCDB91}.Release|x64.Deploy.0 = Release|x64
		{D281DB4F-B582-425E-94CF-DD921CBCDB91}.Release|x86.ActiveCfg = Release|x86
		{D281DB4F-B582-425E-94CF-DD921CBCDB91}.Release|x86.Build.0 = Release|x86
		{D281DB4F-B582-425E-94CF-DD921CBCDB91}.Release|x86.Deploy.0 = Release|x86
		{BABECA48-17DA-43EF-A867-D63A4977B6A2}.Debug|Any CPU.ActiveCfg = Debug|x86
		{BABECA48-17DA-43EF-A867-D63A4977B6A2}.Debug|ARM.ActiveCfg = Debug|ARM
		{BABECA48-17DA-43EF-A867-D63A4977B6A2}.Debug|ARM.Build.0 = Debug|ARM
		{BABECA48-17DA-43EF-A867-D63A4977B6A2}.Debug|ARM.Deploy.0 = Debug|ARM
		{BABECA48-17DA-43EF-A867-D63A4977B6A2}.Debug|x64.ActiveCfg = Debug|x64
		{BABECA48-17DA-43EF-A867-D63A4977B6A2}.Debug|x64.Build.0 = Debug|x64
		{BABECA48-17DA-43EF-A867-D63A4977B6A2}.Debug|x64.Deploy.0 = Debug|x64
		{BABECA48-17DA-43EF-A867-D63A4977B6A2}.Debug|x86.ActiveCfg = Debug|x86
		{BABECA48-17DA-43EF-A867-D63A4977B6A2}.Debug|x86.Build.0 = Debug|x86
		{BABECA48-17DA-43EF-A867-D63A4977B6A2}.Debug|x86.Deploy.0 = Debug|x86
		{BABECA48-17DA-43EF-A867-D63A4977B6A2}.Release|Any CPU.ActiveCfg = Release|x86
		{BABECA48-17DA-43EF-A867-D63A4977B6A2}.Release|ARM.ActiveCfg = Release|ARM
		{BABECA48-17DA-43EF-A867-D63A4977B6A2}.Release|ARM.Build.0 = Release|ARM
		{BABECA48-17DA-43EF-A867-D63A4977B6A2}.Release|ARM.Deploy.0 = Release|ARM
		{BABECA48-17DA-43EF-A867-D63A4977B6A2}.Release|x64.ActiveCfg = Release|x64
		{BABECA48-17DA-43EF-A867-D63A4977B6A2}.Release|x64.Build.0 = Release|x64
		{BABECA48-17DA-43EF-A867-D63A4977B6A2}.Release|x64.Deploy.0 = Release|x64
		{BABECA48-17DA-43EF-A867-D63A4977B6A2}.Release|x86.ActiveCfg = Release|x86
		{BABECA48-17DA-43EF-A867-D63A4977B6A2}.Release|x86.Build.0 = Release|x86
		{BABECA48-17DA-43EF-A867-D63A4977B6A2}.Release|x86.Deploy.0 = Release|x86
		{58D036E9-3C21-4C45-8A66-EF715A03113E}.Debug|Any CPU.ActiveCfg = Debug|x86
		{58D036E9-3C21-4C45-8A66-EF715A03113E}.Debug|ARM.ActiveCfg = Debug|ARM
		{58D036E9-3C21-4C45-8A66-EF715A03113E}.Debug|ARM.Build.0 = Debug|ARM
		{58D036E9-3C21-4C45-8A66-EF715A03113E}.Debug|ARM.Deploy.0 = Debug|ARM
		{58D036E9-3C21-4C45-8A66-EF715A03113E}.Debug|x64.ActiveCfg = Debug|x64
		{58D036E9-3C21-4C45-8A66-EF715A03113E}.Debug|x64.Build.0 = Debug|x64
		{58D036E9-3C21-4C45-8A66-EF715A03113E}.Debug|x64.Deploy.0 = Debug|x64
		{58D036E9-3C21-4C45-8A66-EF715A03113E}.Debug|x86.ActiveCfg = Debug|x86
		{58D036E9-3C21-4C45-8A66-EF715A03113E}.Debug|x86.Build.0 = Debug|x86
		{58D036E9-3C21-4C45-8A66-EF715A03113E}.Debug|x86.Deploy.0 = Debug|x86
		{58D036E9-3C21-4C45-8A66-EF715A03113E}.Release|Any CPU.ActiveCfg = Release|x86
		{58D036E9-3C21-4C45-8A66-EF715A03113E}.Release|ARM.ActiveCfg = Release|ARM
		{58D036E9-3C21-4C45-8A66-EF715A03113E}.Release|ARM.Build.0 = Release|ARM
		{58D036E9-3C21-4C45-8A66-EF715A03113E}.Release|ARM.Deploy.0 = Release|ARM
		{58D036E9-3C21-4C45-8A66-EF715A03113E}.Release|x64.ActiveCfg = Release|x64
		{58D036E9-3C21-4C45-8A66-EF715A03113E}.Release|x64.Build.0 = Release|x64
		{58D036E9-3C21-4C45-8A66-EF715A03113E}.Release|x64.Deploy.0 = Release|x64
		{58D036E9-3C21-4C45-8A66-EF715A03113E}.Release|x86.ActiveCfg = Release|x86
		{58D036E9-3C21-4C45-8A66-EF715A03113E}.Release|x86.Build.0 = Release|x86
		{58D036E9-3C21-4C45-8A66-EF715A03113E}.Release|x86.Deploy.0 = Release|x86
		{23AA3F8E-8D36-424E-B8EC-414643EF01B2}.Debug|Any CPU.ActiveCfg = Debug|x86
		{23AA3F8E-8D36-424E-B8EC-414643EF01B2}.Debug|ARM.ActiveCfg = Debug|ARM
		{23AA3F8E-8D36-424E-B8EC-414643EF01B2}.Debug|ARM.Build.0 = Debug|ARM
		{23AA3F8E-8D36-424E-B8EC-414643EF01B2}.Debug|ARM.Deploy.0 = Debug|ARM
		{23AA3F8E-8D36-424E-B8EC-414643EF01B2}.Debug|x64.ActiveCfg = Debug|x64
		{23AA3F8E-8D36-424E-B8EC-414643EF01B2}.Debug|x64.Build.0 = Debug|x64
		{23AA3F8E-8D36-424E-B8EC-414643EF01B2}.Debug|x64.Deploy.0 = Debug|x64
		{23AA3F8E-8D36-424E-B8EC-414643EF01B2}.Debug|x86.ActiveCfg = Debug|x86
		{23AA3F8E-8D36-424E-B8EC-414643EF01B2}.Debug|x86.Build.0 = Debug|x86
		{23AA3F8E-8D36-424E-B8EC-414643EF01B2}.Debug|x86.Deploy.0 = Debug|x86
		{23AA3F8E-8D36-424E-B8EC-414643EF01B2}.Release|Any CPU.ActiveCfg = Release|x86
		{23AA3F8E-8D36-424E-B8EC-414643EF01B2}.Release|ARM.ActiveCfg = Release|ARM
		{23AA3F8E-8D36-424E-B8EC-414643EF01B2}.Release|ARM.Build.0 = Release|ARM
		{23AA3F8E-8D36-424E-B8EC-414643EF01B2}.Release|ARM.Deploy.0 = Release|ARM
		{23AA3F8E-8D36-424E-B8EC-414643EF01B2}.Release|x64.ActiveCfg = Release|x64
		{23AA3F8E-8D36-424E-B8EC-414643EF01B2}.Release|x64.Build.0 = Release|x64
		{23AA3F8E-8D36-424E-B8EC-414643EF01B2}.Release|x64.Deploy.0 = Release|x64
		{23AA3F8E-8D36-424E-B8EC-414643EF01B2}.Release|x86.ActiveCfg = Release|x86
		{23AA3F8E-8D36-424E-B8EC-414643EF01B2}.Release|x86.Build.0 = Release|x86
		{23AA3F8E-8D36-424E-B8EC-414643EF01B2}.Release|x86.Deploy.0 = Release|x86
		{488B02EF-321C-4203-BED8-31ECA2047FAB}.Debug|Any CPU.ActiveCfg = Debug|Any CPU
		{488B02EF-321C-4203-BED8-31ECA2047FAB}.Debug|Any CPU.Build.0 = Debug|Any CPU
		{488B02EF-321C-4203-BED8-31ECA2047FAB}.Debug|ARM.ActiveCfg = Debug|Any CPU
		{488B02EF-321C-4203-BED8-31ECA2047FAB}.Debug|ARM.Build.0 = Debug|Any CPU
		{488B02EF-321C-4203-BED8-31ECA2047FAB}.Debug|x64.ActiveCfg = Debug|Any CPU
		{488B02EF-321C-4203-BED8-31ECA2047FAB}.Debug|x64.Build.0 = Debug|Any CPU
		{488B02EF-321C-4203-BED8-31ECA2047FAB}.Debug|x86.ActiveCfg = Debug|Any CPU
		{488B02EF-321C-4203-BED8-31ECA2047FAB}.Debug|x86.Build.0 = Debug|Any CPU
		{488B02EF-321C-4203-BED8-31ECA2047FAB}.Release|Any CPU.ActiveCfg = Release|Any CPU
		{488B02EF-321C-4203-BED8-31ECA2047FAB}.Release|Any CPU.Build.0 = Release|Any CPU
		{488B02EF-321C-4203-BED8-31ECA2047FAB}.Release|ARM.ActiveCfg = Release|Any CPU
		{488B02EF-321C-4203-BED8-31ECA2047FAB}.Release|ARM.Build.0 = Release|Any CPU
		{488B02EF-321C-4203-BED8-31ECA2047FAB}.Release|x64.ActiveCfg = Release|Any CPU
		{488B02EF-321C-4203-BED8-31ECA2047FAB}.Release|x64.Build.0 = Release|Any CPU
		{488B02EF-321C-4203-BED8-31ECA2047FAB}.Release|x86.ActiveCfg = Release|Any CPU
		{488B02EF-321C-4203-BED8-31ECA2047FAB}.Release|x86.Build.0 = Release|Any CPU
		{0F7CE11C-7929-493D-963E-A7BB3CDF41ED}.Debug|Any CPU.ActiveCfg = Debug|x86
		{0F7CE11C-7929-493D-963E-A7BB3CDF41ED}.Debug|ARM.ActiveCfg = Debug|ARM
		{0F7CE11C-7929-493D-963E-A7BB3CDF41ED}.Debug|ARM.Build.0 = Debug|ARM
		{0F7CE11C-7929-493D-963E-A7BB3CDF41ED}.Debug|ARM.Deploy.0 = Debug|ARM
		{0F7CE11C-7929-493D-963E-A7BB3CDF41ED}.Debug|x64.ActiveCfg = Debug|x64
		{0F7CE11C-7929-493D-963E-A7BB3CDF41ED}.Debug|x64.Build.0 = Debug|x64
		{0F7CE11C-7929-493D-963E-A7BB3CDF41ED}.Debug|x64.Deploy.0 = Debug|x64
		{0F7CE11C-7929-493D-963E-A7BB3CDF41ED}.Debug|x86.ActiveCfg = Debug|x86
		{0F7CE11C-7929-493D-963E-A7BB3CDF41ED}.Debug|x86.Build.0 = Debug|x86
		{0F7CE11C-7929-493D-963E-A7BB3CDF41ED}.Debug|x86.Deploy.0 = Debug|x86
		{0F7CE11C-7929-493D-963E-A7BB3CDF41ED}.Release|Any CPU.ActiveCfg = Release|x86
		{0F7CE11C-7929-493D-963E-A7BB3CDF41ED}.Release|ARM.ActiveCfg = Release|ARM
		{0F7CE11C-7929-493D-963E-A7BB3CDF41ED}.Release|ARM.Build.0 = Release|ARM
		{0F7CE11C-7929-493D-963E-A7BB3CDF41ED}.Release|ARM.Deploy.0 = Release|ARM
		{0F7CE11C-7929-493D-963E-A7BB3CDF41ED}.Release|x64.ActiveCfg = Release|x64
		{0F7CE11C-7929-493D-963E-A7BB3CDF41ED}.Release|x64.Build.0 = Release|x64
		{0F7CE11C-7929-493D-963E-A7BB3CDF41ED}.Release|x64.Deploy.0 = Release|x64
		{0F7CE11C-7929-493D-963E-A7BB3CDF41ED}.Release|x86.ActiveCfg = Release|x86
		{0F7CE11C-7929-493D-963E-A7BB3CDF41ED}.Release|x86.Build.0 = Release|x86
		{0F7CE11C-7929-493D-963E-A7BB3CDF41ED}.Release|x86.Deploy.0 = Release|x86
	EndGlobalSection
	GlobalSection(SolutionProperties) = preSolution
		HideSolutionNode = FALSE
	EndGlobalSection
	GlobalSection(NestedProjects) = preSolution
		{AF137E7B-5436-4D76-B001-F965F2511FEE} = {E072DF59-5533-416A-97A0-44D3EB7D21E1}
		{0A60DF3F-8FD1-428D-9DB3-EE3B1C0C6D75} = {E072DF59-5533-416A-97A0-44D3EB7D21E1}
	EndGlobalSection
EndGlobal
